
Microsoft Visual Studio Solution File, Format Version 12.00
# Visual Studio Version 17
VisualStudioVersion = 17.14.36401.2 d17.14
MinimumVisualStudioVersion = 10.0.40219.1
Project("{FAE04EC0-301F-11D3-BF4B-00C04F79EFBC}") = "ZiraiIlacERPWeb", "ZiraiIlacERPWeb.csproj", "{1D8D24CB-3243-F7FF-2E83-E817682345AA}"
EndProject
Global
	GlobalSection(SolutionConfigurationPlatforms) = preSolution
		Debug|Any CPU = Debug|Any CPU
		Release|Any CPU = Release|Any CPU
	EndGlobalSection
	GlobalSection(ProjectConfigurationPlatforms) = postSolution
		{1D8D24CB-3243-F7FF-2E83-E817682345AA}.Debug|Any CPU.ActiveCfg = Debug|Any CPU
		{1D8D24CB-3243-F7FF-2E83-E817682345AA}.Debug|Any CPU.Build.0 = Debug|Any CPU
		{1D8D24CB-3243-F7FF-2E83-E817682345AA}.Release|Any CPU.ActiveCfg = Release|Any CPU
		{1D8D24CB-3243-F7FF-2E83-E817682345AA}.Release|Any CPU.Build.0 = Release|Any CPU
	EndGlobalSection
	GlobalSection(SolutionProperties) = preSolution
		HideSolutionNode = FALSE
	EndGlobalSection
	GlobalSection(ExtensibilityGlobals) = postSolution
		SolutionGuid = {DCFD5B29-EACB-4442-8ABC-67332EB65628}
	EndGlobalSection
EndGlobal
